
Microsoft Visual Studio Solution File, Format Version 12.00
# Visual Studio 15
VisualStudioVersion = 15.0.28307.645
MinimumVisualStudioVersion = 10.0.40219.1
Project("{FAE04EC0-301F-11D3-BF4B-00C04F79EFBC}") = "mvc-0817", "mvc-0817\mvc-0817.csproj", "{7A302C8C-7F2E-40F3-88A2-C920152E4908}"
EndProject
Global
	GlobalSection(SolutionConfigurationPlatforms) = preSolution
		Debug|Any CPU = Debug|Any CPU
		Release|Any CPU = Release|Any CPU
	EndGlobalSection
	GlobalSection(ProjectConfigurationPlatforms) = postSolution
		{7A302C8C-7F2E-40F3-88A2-C920152E4908}.Debug|Any CPU.ActiveCfg = Debug|Any CPU
		{7A302C8C-7F2E-40F3-88A2-C920152E4908}.Debug|Any CPU.Build.0 = Debug|Any CPU
		{7A302C8C-7F2E-40F3-88A2-C920152E4908}.Release|Any CPU.ActiveCfg = Release|Any CPU
		{7A302C8C-7F2E-40F3-88A2-C920152E4908}.Release|Any CPU.Build.0 = Release|Any CPU
	EndGlobalSection
	GlobalSection(SolutionProperties) = preSolution
		HideSolutionNode = FALSE
	EndGlobalSection
	GlobalSection(ExtensibilityGlobals) = postSolution
		SolutionGuid = {AA7F560A-C84F-4FF2-89A0-60AD0C6DA545}
	EndGlobalSection
EndGlobal
